Microsoft Visual Studio Solution File, Format Version 12.00
# Visual Studio 14
Project("{8BC9CEB8-8B4A-11D0-8D11-00A0C91BC942}") = "ALL_BUILD", "ALL_BUILD.vcxproj", "{128A3425-3E30-4566-B369-D266E4C9106F}"
	ProjectSection(ProjectDependencies) = postProject
		{3F1276B6-FDE7-4562-A7C4-A3C1EB0B7625} = {3F1276B6-FDE7-4562-A7C4-A3C1EB0B7625}
		{E4C1E0E7-41A2-440D-8F81-0E973873B8B9} = {E4C1E0E7-41A2-440D-8F81-0E973873B8B9}
		{88F722BB-ABD8-480E-A0D1-837E9B650433} = {88F722BB-ABD8-480E-A0D1-837E9B650433}
		{1306D7DD-1AFE-4A1D-8FCA-F588265B2108} = {1306D7DD-1AFE-4A1D-8FCA-F588265B2108}
	EndProjectSection
EndProject
Project("{8BC9CEB8-8B4A-11D0-8D11-00A0C91BC942}") = "INSTALL", "INSTALL.vcxproj", "{F72AE4AF-A4CC-4EC8-A27A-38A9F88D72EA}"
	ProjectSection(ProjectDependencies) = postProject
		{128A3425-3E30-4566-B369-D266E4C9106F} = {128A3425-3E30-4566-B369-D266E4C9106F}
	EndProjectSection
EndProject
Project("{8BC9CEB8-8B4A-11D0-8D11-00A0C91BC942}") = "RUN_TESTS", "RUN_TESTS.vcxproj", "{CA2001FB-BFE3-41DB-8726-08B4FEC66E87}"
	ProjectSection(ProjectDependencies) = postProject
	EndProjectSection
EndProject
Project("{8BC9CEB8-8B4A-11D0-8D11-00A0C91BC942}") = "ZERO_CHECK", "..\..\\ZERO_CHECK.vcxproj", "{44816857-DDBA-48FC-8D82-3539F4841569}"
	ProjectSection(ProjectDependencies) = postProject
	EndProjectSection
EndProject
Project("{8BC9CEB8-8B4A-11D0-8D11-00A0C91BC942}") = "lib_CoinUtils", "CoinUtils\src\lib_CoinUtils.vcxproj", "{3F1276B6-FDE7-4562-A7C4-A3C1EB0B7625}"
	ProjectSection(ProjectDependencies) = postProject
		{44816857-DDBA-48FC-8D82-3539F4841569} = {44816857-DDBA-48FC-8D82-3539F4841569}
	EndProjectSection
EndProject
Project("{8BC9CEB8-8B4A-11D0-8D11-00A0C91BC942}") = "lib_Osi", "Osi\src\Osi\lib_Osi.vcxproj", "{E4C1E0E7-41A2-440D-8F81-0E973873B8B9}"
	ProjectSection(ProjectDependencies) = postProject
		{44816857-DDBA-48FC-8D82-3539F4841569} = {44816857-DDBA-48FC-8D82-3539F4841569}
	EndProjectSection
EndProject
Project("{8BC9CEB8-8B4A-11D0-8D11-00A0C91BC942}") = "lib_OsiClpSolver", "Clp\src\OsiClp\lib_OsiClpSolver.vcxproj", "{88F722BB-ABD8-480E-A0D1-837E9B650433}"
	ProjectSection(ProjectDependencies) = postProject
		{44816857-DDBA-48FC-8D82-3539F4841569} = {44816857-DDBA-48FC-8D82-3539F4841569}
	EndProjectSection
EndProject
Project("{8BC9CEB8-8B4A-11D0-8D11-00A0C91BC942}") = "lib_clp", "Clp\src\lib_clp.vcxproj", "{1306D7DD-1AFE-4A1D-8FCA-F588265B2108}"
	ProjectSection(ProjectDependencies) = postProject
		{44816857-DDBA-48FC-8D82-3539F4841569} = {44816857-DDBA-48FC-8D82-3539F4841569}
	EndProjectSection
EndProject
Project("{2150E333-8FDC-42A3-9474-1A3956D46DE8}") = "CMakePredefinedTargets", "CMakePredefinedTargets", "{F3F3BAA2-5B80-48C5-B819-3A245488B9AA}"
EndProject
Project("{2150E333-8FDC-42A3-9474-1A3956D46DE8}") = "OpenMVG", "OpenMVG", "{B0FE7426-05F4-4173-826D-6B427F38A008}"
EndProject
Project("{2150E333-8FDC-42A3-9474-1A3956D46DE8}") = "3rdParty", "OpenMVG\3rdParty", "{715FC515-4A1C-4AB6-9A8F-86D19D0EB36F}"
EndProject
Project("{2150E333-8FDC-42A3-9474-1A3956D46DE8}") = "lib_CoinUtils", "OpenMVG\3rdParty\lib_CoinUtils", "{BF6EAEB9-5862-46B0-A8CD-0102C30651DE}"
EndProject
Project("{2150E333-8FDC-42A3-9474-1A3956D46DE8}") = "lib_Osi", "OpenMVG\3rdParty\lib_Osi", "{53738ACF-681F-481C-B547-B630E07B6534}"
EndProject
Project("{2150E333-8FDC-42A3-9474-1A3956D46DE8}") = "lib_OsiClpSolver", "OpenMVG\3rdParty\lib_OsiClpSolver", "{8DEDF9AE-E079-4218-993A-BAA7B59106D1}"
EndProject
Project("{2150E333-8FDC-42A3-9474-1A3956D46DE8}") = "lib_clp", "OpenMVG\3rdParty\lib_clp", "{16AFF36E-953A-4966-86F5-4799F1FD9DE3}"
EndProject
Global
	GlobalSection(SolutionConfigurationPlatforms) = preSolution
		Debug|x64 = Debug|x64
		Release|x64 = Release|x64
		MinSizeRel|x64 = MinSizeRel|x64
		RelWithDebInfo|x64 = RelWithDebInfo|x64
		Maintainer|x64 = Maintainer|x64
	EndGlobalSection
	GlobalSection(ProjectConfigurationPlatforms) = postSolution
		{128A3425-3E30-4566-B369-D266E4C9106F}.Debug|x64.ActiveCfg = Debug|x64
		{128A3425-3E30-4566-B369-D266E4C9106F}.Debug|x64.Build.0 = Debug|x64
		{128A3425-3E30-4566-B369-D266E4C9106F}.Release|x64.ActiveCfg = Release|x64
		{128A3425-3E30-4566-B369-D266E4C9106F}.Release|x64.Build.0 = Release|x64
		{128A3425-3E30-4566-B369-D266E4C9106F}.MinSizeRel|x64.ActiveCfg = MinSizeRel|x64
		{128A3425-3E30-4566-B369-D266E4C9106F}.MinSizeRel|x64.Build.0 = MinSizeRel|x64
		{128A3425-3E30-4566-B369-D266E4C9106F}.RelWithDebInfo|x64.ActiveCfg = RelWithDebInfo|x64
		{128A3425-3E30-4566-B369-D266E4C9106F}.RelWithDebInfo|x64.Build.0 = RelWithDebInfo|x64
		{128A3425-3E30-4566-B369-D266E4C9106F}.Maintainer|x64.ActiveCfg = Maintainer|x64
		{128A3425-3E30-4566-B369-D266E4C9106F}.Maintainer|x64.Build.0 = Maintainer|x64
		{F72AE4AF-A4CC-4EC8-A27A-38A9F88D72EA}.Debug|x64.ActiveCfg = Debug|x64
		{F72AE4AF-A4CC-4EC8-A27A-38A9F88D72EA}.Release|x64.ActiveCfg = Release|x64
		{F72AE4AF-A4CC-4EC8-A27A-38A9F88D72EA}.MinSizeRel|x64.ActiveCfg = MinSizeRel|x64
		{F72AE4AF-A4CC-4EC8-A27A-38A9F88D72EA}.RelWithDebInfo|x64.ActiveCfg = RelWithDebInfo|x64
		{F72AE4AF-A4CC-4EC8-A27A-38A9F88D72EA}.Maintainer|x64.ActiveCfg = Maintainer|x64
		{CA2001FB-BFE3-41DB-8726-08B4FEC66E87}.Debug|x64.ActiveCfg = Debug|x64
		{CA2001FB-BFE3-41DB-8726-08B4FEC66E87}.Release|x64.ActiveCfg = Release|x64
		{CA2001FB-BFE3-41DB-8726-08B4FEC66E87}.MinSizeRel|x64.ActiveCfg = MinSizeRel|x64
		{CA2001FB-BFE3-41DB-8726-08B4FEC66E87}.RelWithDebInfo|x64.ActiveCfg = RelWithDebInfo|x64
		{CA2001FB-BFE3-41DB-8726-08B4FEC66E87}.Maintainer|x64.ActiveCfg = Maintainer|x64
		{44816857-DDBA-48FC-8D82-3539F4841569}.Debug|x64.ActiveCfg = Debug|x64
		{44816857-DDBA-48FC-8D82-3539F4841569}.Debug|x64.Build.0 = Debug|x64
		{44816857-DDBA-48FC-8D82-3539F4841569}.Release|x64.ActiveCfg = Release|x64
		{44816857-DDBA-48FC-8D82-3539F4841569}.Release|x64.Build.0 = Release|x64
		{44816857-DDBA-48FC-8D82-3539F4841569}.MinSizeRel|x64.ActiveCfg = MinSizeRel|x64
		{44816857-DDBA-48FC-8D82-3539F4841569}.MinSizeRel|x64.Build.0 = MinSizeRel|x64
		{44816857-DDBA-48FC-8D82-3539F4841569}.RelWithDebInfo|x64.ActiveCfg = RelWithDebInfo|x64
		{44816857-DDBA-48FC-8D82-3539F4841569}.RelWithDebInfo|x64.Build.0 = RelWithDebInfo|x64
		{44816857-DDBA-48FC-8D82-3539F4841569}.Maintainer|x64.ActiveCfg = Maintainer|x64
		{44816857-DDBA-48FC-8D82-3539F4841569}.Maintainer|x64.Build.0 = Maintainer|x64
		{3F1276B6-FDE7-4562-A7C4-A3C1EB0B7625}.Debug|x64.ActiveCfg = Debug|x64
		{3F1276B6-FDE7-4562-A7C4-A3C1EB0B7625}.Debug|x64.Build.0 = Debug|x64
		{3F1276B6-FDE7-4562-A7C4-A3C1EB0B7625}.Release|x64.ActiveCfg = Release|x64
		{3F1276B6-FDE7-4562-A7C4-A3C1EB0B7625}.Release|x64.Build.0 = Release|x64
		{3F1276B6-FDE7-4562-A7C4-A3C1EB0B7625}.MinSizeRel|x64.ActiveCfg = MinSizeRel|x64
		{3F1276B6-FDE7-4562-A7C4-A3C1EB0B7625}.MinSizeRel|x64.Build.0 = MinSizeRel|x64
		{3F1276B6-FDE7-4562-A7C4-A3C1EB0B7625}.RelWithDebInfo|x64.ActiveCfg = RelWithDebInfo|x64
		{3F1276B6-FDE7-4562-A7C4-A3C1EB0B7625}.RelWithDebInfo|x64.Build.0 = RelWithDebInfo|x64
		{3F1276B6-FDE7-4562-A7C4-A3C1EB0B7625}.Maintainer|x64.ActiveCfg = Maintainer|x64
		{3F1276B6-FDE7-4562-A7C4-A3C1EB0B7625}.Maintainer|x64.Build.0 = Maintainer|x64
		{E4C1E0E7-41A2-440D-8F81-0E973873B8B9}.Debug|x64.ActiveCfg = Debug|x64
		{E4C1E0E7-41A2-440D-8F81-0E973873B8B9}.Debug|x64.Build.0 = Debug|x64
		{E4C1E0E7-41A2-440D-8F81-0E973873B8B9}.Release|x64.ActiveCfg = Release|x64
		{E4C1E0E7-41A2-440D-8F81-0E973873B8B9}.Release|x64.Build.0 = Release|x64
		{E4C1E0E7-41A2-440D-8F81-0E973873B8B9}.MinSizeRel|x64.ActiveCfg = MinSizeRel|x64
		{E4C1E0E7-41A2-440D-8F81-0E973873B8B9}.MinSizeRel|x64.Build.0 = MinSizeRel|x64
		{E4C1E0E7-41A2-440D-8F81-0E973873B8B9}.RelWithDebInfo|x64.ActiveCfg = RelWithDebInfo|x64
		{E4C1E0E7-41A2-440D-8F81-0E973873B8B9}.RelWithDebInfo|x64.Build.0 = RelWithDebInfo|x64
		{E4C1E0E7-41A2-440D-8F81-0E973873B8B9}.Maintainer|x64.ActiveCfg = Maintainer|x64
		{E4C1E0E7-41A2-440D-8F81-0E973873B8B9}.Maintainer|x64.Build.0 = Maintainer|x64
		{88F722BB-ABD8-480E-A0D1-837E9B650433}.Debug|x64.ActiveCfg = Debug|x64
		{88F722BB-ABD8-480E-A0D1-837E9B650433}.Debug|x64.Build.0 = Debug|x64
		{88F722BB-ABD8-480E-A0D1-837E9B650433}.Release|x64.ActiveCfg = Release|x64
		{88F722BB-ABD8-480E-A0D1-837E9B650433}.Release|x64.Build.0 = Release|x64
		{88F722BB-ABD8-480E-A0D1-837E9B650433}.MinSizeRel|x64.ActiveCfg = MinSizeRel|x64
		{88F722BB-ABD8-480E-A0D1-837E9B650433}.MinSizeRel|x64.Build.0 = MinSizeRel|x64
		{88F722BB-ABD8-480E-A0D1-837E9B650433}.RelWithDebInfo|x64.ActiveCfg = RelWithDebInfo|x64
		{88F722BB-ABD8-480E-A0D1-837E9B650433}.RelWithDebInfo|x64.Build.0 = RelWithDebInfo|x64
		{88F722BB-ABD8-480E-A0D1-837E9B650433}.Maintainer|x64.ActiveCfg = Maintainer|x64
		{88F722BB-ABD8-480E-A0D1-837E9B650433}.Maintainer|x64.Build.0 = Maintainer|x64
		{1306D7DD-1AFE-4A1D-8FCA-F588265B2108}.Debug|x64.ActiveCfg = Debug|x64
		{1306D7DD-1AFE-4A1D-8FCA-F588265B2108}.Debug|x64.Build.0 = Debug|x64
		{1306D7DD-1AFE-4A1D-8FCA-F588265B2108}.Release|x64.ActiveCfg = Release|x64
		{1306D7DD-1AFE-4A1D-8FCA-F588265B2108}.Release|x64.Build.0 = Release|x64
		{1306D7DD-1AFE-4A1D-8FCA-F588265B2108}.MinSizeRel|x64.ActiveCfg = MinSizeRel|x64
		{1306D7DD-1AFE-4A1D-8FCA-F588265B2108}.MinSizeRel|x64.Build.0 = MinSizeRel|x64
		{1306D7DD-1AFE-4A1D-8FCA-F588265B2108}.RelWithDebInfo|x64.ActiveCfg = RelWithDebInfo|x64
		{1306D7DD-1AFE-4A1D-8FCA-F588265B2108}.RelWithDebInfo|x64.Build.0 = RelWithDebInfo|x64
		{1306D7DD-1AFE-4A1D-8FCA-F588265B2108}.Maintainer|x64.ActiveCfg = Maintainer|x64
		{1306D7DD-1AFE-4A1D-8FCA-F588265B2108}.Maintainer|x64.Build.0 = Maintainer|x64
	EndGlobalSection
	GlobalSection(NestedProjects) = preSolution
		{F72AE4AF-A4CC-4EC8-A27A-38A9F88D72EA} = {F3F3BAA2-5B80-48C5-B819-3A245488B9AA}
		{CA2001FB-BFE3-41DB-8726-08B4FEC66E87} = {F3F3BAA2-5B80-48C5-B819-3A245488B9AA}
		{44816857-DDBA-48FC-8D82-3539F4841569} = {F3F3BAA2-5B80-48C5-B819-3A245488B9AA}
		{715FC515-4A1C-4AB6-9A8F-86D19D0EB36F} = {B0FE7426-05F4-4173-826D-6B427F38A008}
		{BF6EAEB9-5862-46B0-A8CD-0102C30651DE} = {715FC515-4A1C-4AB6-9A8F-86D19D0EB36F}
		{53738ACF-681F-481C-B547-B630E07B6534} = {715FC515-4A1C-4AB6-9A8F-86D19D0EB36F}
		{8DEDF9AE-E079-4218-993A-BAA7B59106D1} = {715FC515-4A1C-4AB6-9A8F-86D19D0EB36F}
		{16AFF36E-953A-4966-86F5-4799F1FD9DE3} = {715FC515-4A1C-4AB6-9A8F-86D19D0EB36F}
		{3F1276B6-FDE7-4562-A7C4-A3C1EB0B7625} = {BF6EAEB9-5862-46B0-A8CD-0102C30651DE}
		{E4C1E0E7-41A2-440D-8F81-0E973873B8B9} = {53738ACF-681F-481C-B547-B630E07B6534}
		{88F722BB-ABD8-480E-A0D1-837E9B650433} = {8DEDF9AE-E079-4218-993A-BAA7B59106D1}
		{1306D7DD-1AFE-4A1D-8FCA-F588265B2108} = {16AFF36E-953A-4966-86F5-4799F1FD9DE3}
	EndGlobalSection
	GlobalSection(ExtensibilityGlobals) = postSolution
	EndGlobalSection
	GlobalSection(ExtensibilityAddIns) = postSolution
	EndGlobalSection
EndGlobal
