<?xml version="1.0" encoding="UTF-8"?>
<Project ToolsVersion="14.0" xmlns="http://schemas.microsoft.com/developer/msbuild/2003">
  <ItemGroup>
    <ClCompile Include="D:\workspace_github\openMVG\src\openMVG\multiview\conditioning.cpp">
      <Filter>Source Files</Filter>
    </ClCompile>
    <ClCompile Include="D:\workspace_github\openMVG\src\openMVG\multiview\essential.cpp">
      <Filter>Source Files</Filter>
    </ClCompile>
    <ClCompile Include="D:\workspace_github\openMVG\src\openMVG\multiview\projection.cpp">
      <Filter>Source Files</Filter>
    </ClCompile>
    <ClCompile Include="D:\workspace_github\openMVG\src\openMVG\multiview\rotation_averaging_l1.cpp">
      <Filter>Source Files</Filter>
    </ClCompile>
    <ClCompile Include="D:\workspace_github\openMVG\src\openMVG\multiview\rotation_averaging_l2.cpp">
      <Filter>Source Files</Filter>
    </ClCompile>
    <ClCompile Include="D:\workspace_github\openMVG\src\openMVG\multiview\solver_affine.cpp">
      <Filter>Source Files</Filter>
    </ClCompile>
    <ClCompile Include="D:\workspace_github\openMVG\src\openMVG\multiview\solver_essential_five_point.cpp">
      <Filter>Source Files</Filter>
    </ClCompile>
    <ClCompile Include="D:\workspace_github\openMVG\src\openMVG\multiview\solver_essential_kernel.cpp">
      <Filter>Source Files</Filter>
    </ClCompile>
    <ClCompile Include="D:\workspace_github\openMVG\src\openMVG\multiview\solver_fundamental_kernel.cpp">
      <Filter>Source Files</Filter>
    </ClCompile>
    <ClCompile Include="D:\workspace_github\openMVG\src\openMVG\multiview\solver_homography_kernel.cpp">
      <Filter>Source Files</Filter>
    </ClCompile>
    <ClCompile Include="D:\workspace_github\openMVG\src\openMVG\multiview\solver_resection_kernel.cpp">
      <Filter>Source Files</Filter>
    </ClCompile>
    <ClCompile Include="D:\workspace_github\openMVG\src\openMVG\multiview\translation_averaging_solver_l2_chordal.cpp">
      <Filter>Source Files</Filter>
    </ClCompile>
    <ClCompile Include="D:\workspace_github\openMVG\src\openMVG\multiview\translation_averaging_solver_softl1.cpp">
      <Filter>Source Files</Filter>
    </ClCompile>
    <ClCompile Include="D:\workspace_github\openMVG\src\openMVG\multiview\triangulation.cpp">
      <Filter>Source Files</Filter>
    </ClCompile>
    <ClCompile Include="D:\workspace_github\openMVG\src\openMVG\multiview\triangulation_nview.cpp">
      <Filter>Source Files</Filter>
    </ClCompile>
  </ItemGroup>
  <ItemGroup>
    <ClInclude Include="D:\workspace_github\openMVG\src\openMVG\multiview\conditioning.hpp">
      <Filter>Header Files</Filter>
    </ClInclude>
    <ClInclude Include="D:\workspace_github\openMVG\src\openMVG\multiview\essential.hpp">
      <Filter>Header Files</Filter>
    </ClInclude>
    <ClInclude Include="D:\workspace_github\openMVG\src\openMVG\multiview\projection.hpp">
      <Filter>Header Files</Filter>
    </ClInclude>
    <ClInclude Include="D:\workspace_github\openMVG\src\openMVG\multiview\rotation_averaging.hpp">
      <Filter>Header Files</Filter>
    </ClInclude>
    <ClInclude Include="D:\workspace_github\openMVG\src\openMVG\multiview\rotation_averaging_common.hpp">
      <Filter>Header Files</Filter>
    </ClInclude>
    <ClInclude Include="D:\workspace_github\openMVG\src\openMVG\multiview\rotation_averaging_l1.hpp">
      <Filter>Header Files</Filter>
    </ClInclude>
    <ClInclude Include="D:\workspace_github\openMVG\src\openMVG\multiview\rotation_averaging_l2.hpp">
      <Filter>Header Files</Filter>
    </ClInclude>
    <ClInclude Include="D:\workspace_github\openMVG\src\openMVG\multiview\solver_affine.hpp">
      <Filter>Header Files</Filter>
    </ClInclude>
    <ClInclude Include="D:\workspace_github\openMVG\src\openMVG\multiview\solver_essential_five_point.hpp">
      <Filter>Header Files</Filter>
    </ClInclude>
    <ClInclude Include="D:\workspace_github\openMVG\src\openMVG\multiview\solver_essential_kernel.hpp">
      <Filter>Header Files</Filter>
    </ClInclude>
    <ClInclude Include="D:\workspace_github\openMVG\src\openMVG\multiview\solver_fundamental_kernel.hpp">
      <Filter>Header Files</Filter>
    </ClInclude>
    <ClInclude Include="D:\workspace_github\openMVG\src\openMVG\multiview\solver_homography_kernel.hpp">
      <Filter>Header Files</Filter>
    </ClInclude>
    <ClInclude Include="D:\workspace_github\openMVG\src\openMVG\multiview\solver_resection_kernel.hpp">
      <Filter>Header Files</Filter>
    </ClInclude>
    <ClInclude Include="D:\workspace_github\openMVG\src\openMVG\multiview\solver_resection_p3p.hpp">
      <Filter>Header Files</Filter>
    </ClInclude>
    <ClInclude Include="D:\workspace_github\openMVG\src\openMVG\multiview\solver_translation_knownRotation_kernel.hpp">
      <Filter>Header Files</Filter>
    </ClInclude>
    <ClInclude Include="D:\workspace_github\openMVG\src\openMVG\multiview\test_data_sets.hpp">
      <Filter>Header Files</Filter>
    </ClInclude>
    <ClInclude Include="D:\workspace_github\openMVG\src\openMVG\multiview\translation_averaging_common.hpp">
      <Filter>Header Files</Filter>
    </ClInclude>
    <ClInclude Include="D:\workspace_github\openMVG\src\openMVG\multiview\translation_averaging_solver.hpp">
      <Filter>Header Files</Filter>
    </ClInclude>
    <ClInclude Include="D:\workspace_github\openMVG\src\openMVG\multiview\triangulation.hpp">
      <Filter>Header Files</Filter>
    </ClInclude>
    <ClInclude Include="D:\workspace_github\openMVG\src\openMVG\multiview\triangulation_nview.hpp">
      <Filter>Header Files</Filter>
    </ClInclude>
    <ClInclude Include="D:\workspace_github\openMVG\src\openMVG\multiview\two_view_kernel.hpp">
      <Filter>Header Files</Filter>
    </ClInclude>
  </ItemGroup>
  <ItemGroup>
    <CustomBuild Include="D:\workspace_github\openMVG\src\openMVG\multiview\CMakeLists.txt" />
  </ItemGroup>
  <ItemGroup>
    <Filter Include="Source Files">
      <UniqueIdentifier>{08F8FDC1-9267-464F-87C6-71FCF3B0FF31}</UniqueIdentifier>
    </Filter>
    <Filter Include="Header Files">
      <UniqueIdentifier>{54235314-9969-4C4D-9D6D-58CE5A2A1C7F}</UniqueIdentifier>
    </Filter>
  </ItemGroup>
</Project>
