Microsoft Visual Studio Solution File, Format Version 12.00
# Visual Studio 14
Project("{8BC9CEB8-8B4A-11D0-8D11-00A0C91BC942}") = "ALL_BUILD", "ALL_BUILD.vcxproj", "{128A3425-3E30-4566-B369-D266E4C9106F}"
	ProjectSection(ProjectDependencies) = postProject
		{2B573C36-7043-4934-8AF2-8A45AAA3CBEC} = {2B573C36-7043-4934-8AF2-8A45AAA3CBEC}
		{8EBE2446-43F9-44F8-9B7B-68641571D6DC} = {8EBE2446-43F9-44F8-9B7B-68641571D6DC}
		{2971CB68-63B8-4F13-ADE8-6B7F984EB04C} = {2971CB68-63B8-4F13-ADE8-6B7F984EB04C}
		{A5DFEDA6-29D5-48AC-9F63-425CE228D99C} = {A5DFEDA6-29D5-48AC-9F63-425CE228D99C}
		{6F3A8E0A-3749-4E6E-BCAC-A554C43ADB52} = {6F3A8E0A-3749-4E6E-BCAC-A554C43ADB52}
		{CB1C0F5D-AA1B-4140-AF71-1DDF7DDA27E6} = {CB1C0F5D-AA1B-4140-AF71-1DDF7DDA27E6}
	EndProjectSection
EndProject
Project("{8BC9CEB8-8B4A-11D0-8D11-00A0C91BC942}") = "CppUnitLite", "..\..\third_party\CppUnitLite\CppUnitLite.vcxproj", "{DB507E98-DBD6-4A2D-91AF-641903D638B4}"
	ProjectSection(ProjectDependencies) = postProject
		{44816857-DDBA-48FC-8D82-3539F4841569} = {44816857-DDBA-48FC-8D82-3539F4841569}
	EndProjectSection
EndProject
Project("{8BC9CEB8-8B4A-11D0-8D11-00A0C91BC942}") = "INSTALL", "INSTALL.vcxproj", "{F72AE4AF-A4CC-4EC8-A27A-38A9F88D72EA}"
	ProjectSection(ProjectDependencies) = postProject
		{128A3425-3E30-4566-B369-D266E4C9106F} = {128A3425-3E30-4566-B369-D266E4C9106F}
	EndProjectSection
EndProject
Project("{8BC9CEB8-8B4A-11D0-8D11-00A0C91BC942}") = "RUN_TESTS", "RUN_TESTS.vcxproj", "{CA2001FB-BFE3-41DB-8726-08B4FEC66E87}"
	ProjectSection(ProjectDependencies) = postProject
	EndProjectSection
EndProject
Project("{8BC9CEB8-8B4A-11D0-8D11-00A0C91BC942}") = "ZERO_CHECK", "..\..\\ZERO_CHECK.vcxproj", "{44816857-DDBA-48FC-8D82-3539F4841569}"
	ProjectSection(ProjectDependencies) = postProject
	EndProjectSection
EndProject
Project("{8BC9CEB8-8B4A-11D0-8D11-00A0C91BC942}") = "flann_cpp_s", "..\..\third_party\flann\src\cpp\flann_cpp_s.vcxproj", "{34322EDE-443D-43C0-B272-79F91A9CB48A}"
	ProjectSection(ProjectDependencies) = postProject
		{44816857-DDBA-48FC-8D82-3539F4841569} = {44816857-DDBA-48FC-8D82-3539F4841569}
	EndProjectSection
EndProject
Project("{8BC9CEB8-8B4A-11D0-8D11-00A0C91BC942}") = "openMVG_kvld", "kvld\openMVG_kvld.vcxproj", "{2B573C36-7043-4934-8AF2-8A45AAA3CBEC}"
	ProjectSection(ProjectDependencies) = postProject
		{44816857-DDBA-48FC-8D82-3539F4841569} = {44816857-DDBA-48FC-8D82-3539F4841569}
	EndProjectSection
EndProject
Project("{8BC9CEB8-8B4A-11D0-8D11-00A0C91BC942}") = "openMVG_matching", "openMVG_matching.vcxproj", "{8EBE2446-43F9-44F8-9B7B-68641571D6DC}"
	ProjectSection(ProjectDependencies) = postProject
		{44816857-DDBA-48FC-8D82-3539F4841569} = {44816857-DDBA-48FC-8D82-3539F4841569}
		{34322EDE-443D-43C0-B272-79F91A9CB48A} = {34322EDE-443D-43C0-B272-79F91A9CB48A}
	EndProjectSection
EndProject
Project("{8BC9CEB8-8B4A-11D0-8D11-00A0C91BC942}") = "openMVG_test_indMatch", "openMVG_test_indMatch.vcxproj", "{2971CB68-63B8-4F13-ADE8-6B7F984EB04C}"
	ProjectSection(ProjectDependencies) = postProject
		{DB507E98-DBD6-4A2D-91AF-641903D638B4} = {DB507E98-DBD6-4A2D-91AF-641903D638B4}
		{44816857-DDBA-48FC-8D82-3539F4841569} = {44816857-DDBA-48FC-8D82-3539F4841569}
	EndProjectSection
EndProject
Project("{8BC9CEB8-8B4A-11D0-8D11-00A0C91BC942}") = "openMVG_test_matching", "openMVG_test_matching.vcxproj", "{A5DFEDA6-29D5-48AC-9F63-425CE228D99C}"
	ProjectSection(ProjectDependencies) = postProject
		{DB507E98-DBD6-4A2D-91AF-641903D638B4} = {DB507E98-DBD6-4A2D-91AF-641903D638B4}
		{44816857-DDBA-48FC-8D82-3539F4841569} = {44816857-DDBA-48FC-8D82-3539F4841569}
	EndProjectSection
EndProject
Project("{8BC9CEB8-8B4A-11D0-8D11-00A0C91BC942}") = "openMVG_test_matching_filters", "openMVG_test_matching_filters.vcxproj", "{6F3A8E0A-3749-4E6E-BCAC-A554C43ADB52}"
	ProjectSection(ProjectDependencies) = postProject
		{DB507E98-DBD6-4A2D-91AF-641903D638B4} = {DB507E98-DBD6-4A2D-91AF-641903D638B4}
		{44816857-DDBA-48FC-8D82-3539F4841569} = {44816857-DDBA-48FC-8D82-3539F4841569}
	EndProjectSection
EndProject
Project("{8BC9CEB8-8B4A-11D0-8D11-00A0C91BC942}") = "openMVG_test_metric", "openMVG_test_metric.vcxproj", "{CB1C0F5D-AA1B-4140-AF71-1DDF7DDA27E6}"
	ProjectSection(ProjectDependencies) = postProject
		{DB507E98-DBD6-4A2D-91AF-641903D638B4} = {DB507E98-DBD6-4A2D-91AF-641903D638B4}
		{44816857-DDBA-48FC-8D82-3539F4841569} = {44816857-DDBA-48FC-8D82-3539F4841569}
	EndProjectSection
EndProject
Project("{2150E333-8FDC-42A3-9474-1A3956D46DE8}") = "CMakePredefinedTargets", "CMakePredefinedTargets", "{F3F3BAA2-5B80-48C5-B819-3A245488B9AA}"
EndProject
Project("{2150E333-8FDC-42A3-9474-1A3956D46DE8}") = "OpenMVG", "OpenMVG", "{B0FE7426-05F4-4173-826D-6B427F38A008}"
EndProject
Project("{2150E333-8FDC-42A3-9474-1A3956D46DE8}") = "3rdParty", "OpenMVG\3rdParty", "{715FC515-4A1C-4AB6-9A8F-86D19D0EB36F}"
EndProject
Project("{2150E333-8FDC-42A3-9474-1A3956D46DE8}") = "OpenMVG", "OpenMVG\OpenMVG", "{0B0C06BF-ACCD-47E8-AAE8-9483A27B6FAE}"
EndProject
Project("{2150E333-8FDC-42A3-9474-1A3956D46DE8}") = "test", "OpenMVG\test", "{73373091-1247-4350-BB7E-A5F318469F4E}"
EndProject
Global
	GlobalSection(SolutionConfigurationPlatforms) = preSolution
		Debug|x64 = Debug|x64
		Release|x64 = Release|x64
		MinSizeRel|x64 = MinSizeRel|x64
		RelWithDebInfo|x64 = RelWithDebInfo|x64
		Maintainer|x64 = Maintainer|x64
	EndGlobalSection
	GlobalSection(ProjectConfigurationPlatforms) = postSolution
		{128A3425-3E30-4566-B369-D266E4C9106F}.Debug|x64.ActiveCfg = Debug|x64
		{128A3425-3E30-4566-B369-D266E4C9106F}.Debug|x64.Build.0 = Debug|x64
		{128A3425-3E30-4566-B369-D266E4C9106F}.Release|x64.ActiveCfg = Release|x64
		{128A3425-3E30-4566-B369-D266E4C9106F}.Release|x64.Build.0 = Release|x64
		{128A3425-3E30-4566-B369-D266E4C9106F}.MinSizeRel|x64.ActiveCfg = MinSizeRel|x64
		{128A3425-3E30-4566-B369-D266E4C9106F}.MinSizeRel|x64.Build.0 = MinSizeRel|x64
		{128A3425-3E30-4566-B369-D266E4C9106F}.RelWithDebInfo|x64.ActiveCfg = RelWithDebInfo|x64
		{128A3425-3E30-4566-B369-D266E4C9106F}.RelWithDebInfo|x64.Build.0 = RelWithDebInfo|x64
		{128A3425-3E30-4566-B369-D266E4C9106F}.Maintainer|x64.ActiveCfg = Maintainer|x64
		{128A3425-3E30-4566-B369-D266E4C9106F}.Maintainer|x64.Build.0 = Maintainer|x64
		{DB507E98-DBD6-4A2D-91AF-641903D638B4}.Debug|x64.ActiveCfg = Debug|x64
		{DB507E98-DBD6-4A2D-91AF-641903D638B4}.Debug|x64.Build.0 = Debug|x64
		{DB507E98-DBD6-4A2D-91AF-641903D638B4}.Release|x64.ActiveCfg = Release|x64
		{DB507E98-DBD6-4A2D-91AF-641903D638B4}.Release|x64.Build.0 = Release|x64
		{DB507E98-DBD6-4A2D-91AF-641903D638B4}.MinSizeRel|x64.ActiveCfg = MinSizeRel|x64
		{DB507E98-DBD6-4A2D-91AF-641903D638B4}.MinSizeRel|x64.Build.0 = MinSizeRel|x64
		{DB507E98-DBD6-4A2D-91AF-641903D638B4}.RelWithDebInfo|x64.ActiveCfg = RelWithDebInfo|x64
		{DB507E98-DBD6-4A2D-91AF-641903D638B4}.RelWithDebInfo|x64.Build.0 = RelWithDebInfo|x64
		{DB507E98-DBD6-4A2D-91AF-641903D638B4}.Maintainer|x64.ActiveCfg = Maintainer|x64
		{DB507E98-DBD6-4A2D-91AF-641903D638B4}.Maintainer|x64.Build.0 = Maintainer|x64
		{F72AE4AF-A4CC-4EC8-A27A-38A9F88D72EA}.Debug|x64.ActiveCfg = Debug|x64
		{F72AE4AF-A4CC-4EC8-A27A-38A9F88D72EA}.Release|x64.ActiveCfg = Release|x64
		{F72AE4AF-A4CC-4EC8-A27A-38A9F88D72EA}.MinSizeRel|x64.ActiveCfg = MinSizeRel|x64
		{F72AE4AF-A4CC-4EC8-A27A-38A9F88D72EA}.RelWithDebInfo|x64.ActiveCfg = RelWithDebInfo|x64
		{F72AE4AF-A4CC-4EC8-A27A-38A9F88D72EA}.Maintainer|x64.ActiveCfg = Maintainer|x64
		{CA2001FB-BFE3-41DB-8726-08B4FEC66E87}.Debug|x64.ActiveCfg = Debug|x64
		{CA2001FB-BFE3-41DB-8726-08B4FEC66E87}.Release|x64.ActiveCfg = Release|x64
		{CA2001FB-BFE3-41DB-8726-08B4FEC66E87}.MinSizeRel|x64.ActiveCfg = MinSizeRel|x64
		{CA2001FB-BFE3-41DB-8726-08B4FEC66E87}.RelWithDebInfo|x64.ActiveCfg = RelWithDebInfo|x64
		{CA2001FB-BFE3-41DB-8726-08B4FEC66E87}.Maintainer|x64.ActiveCfg = Maintainer|x64
		{44816857-DDBA-48FC-8D82-3539F4841569}.Debug|x64.ActiveCfg = Debug|x64
		{44816857-DDBA-48FC-8D82-3539F4841569}.Debug|x64.Build.0 = Debug|x64
		{44816857-DDBA-48FC-8D82-3539F4841569}.Release|x64.ActiveCfg = Release|x64
		{44816857-DDBA-48FC-8D82-3539F4841569}.Release|x64.Build.0 = Release|x64
		{44816857-DDBA-48FC-8D82-3539F4841569}.MinSizeRel|x64.ActiveCfg = MinSizeRel|x64
		{44816857-DDBA-48FC-8D82-3539F4841569}.MinSizeRel|x64.Build.0 = MinSizeRel|x64
		{44816857-DDBA-48FC-8D82-3539F4841569}.RelWithDebInfo|x64.ActiveCfg = RelWithDebInfo|x64
		{44816857-DDBA-48FC-8D82-3539F4841569}.RelWithDebInfo|x64.Build.0 = RelWithDebInfo|x64
		{44816857-DDBA-48FC-8D82-3539F4841569}.Maintainer|x64.ActiveCfg = Maintainer|x64
		{44816857-DDBA-48FC-8D82-3539F4841569}.Maintainer|x64.Build.0 = Maintainer|x64
		{34322EDE-443D-43C0-B272-79F91A9CB48A}.Debug|x64.ActiveCfg = Debug|x64
		{34322EDE-443D-43C0-B272-79F91A9CB48A}.Debug|x64.Build.0 = Debug|x64
		{34322EDE-443D-43C0-B272-79F91A9CB48A}.Release|x64.ActiveCfg = Release|x64
		{34322EDE-443D-43C0-B272-79F91A9CB48A}.Release|x64.Build.0 = Release|x64
		{34322EDE-443D-43C0-B272-79F91A9CB48A}.MinSizeRel|x64.ActiveCfg = MinSizeRel|x64
		{34322EDE-443D-43C0-B272-79F91A9CB48A}.MinSizeRel|x64.Build.0 = MinSizeRel|x64
		{34322EDE-443D-43C0-B272-79F91A9CB48A}.RelWithDebInfo|x64.ActiveCfg = RelWithDebInfo|x64
		{34322EDE-443D-43C0-B272-79F91A9CB48A}.RelWithDebInfo|x64.Build.0 = RelWithDebInfo|x64
		{34322EDE-443D-43C0-B272-79F91A9CB48A}.Maintainer|x64.ActiveCfg = Maintainer|x64
		{34322EDE-443D-43C0-B272-79F91A9CB48A}.Maintainer|x64.Build.0 = Maintainer|x64
		{2B573C36-7043-4934-8AF2-8A45AAA3CBEC}.Debug|x64.ActiveCfg = Debug|x64
		{2B573C36-7043-4934-8AF2-8A45AAA3CBEC}.Debug|x64.Build.0 = Debug|x64
		{2B573C36-7043-4934-8AF2-8A45AAA3CBEC}.Release|x64.ActiveCfg = Release|x64
		{2B573C36-7043-4934-8AF2-8A45AAA3CBEC}.Release|x64.Build.0 = Release|x64
		{2B573C36-7043-4934-8AF2-8A45AAA3CBEC}.MinSizeRel|x64.ActiveCfg = MinSizeRel|x64
		{2B573C36-7043-4934-8AF2-8A45AAA3CBEC}.MinSizeRel|x64.Build.0 = MinSizeRel|x64
		{2B573C36-7043-4934-8AF2-8A45AAA3CBEC}.RelWithDebInfo|x64.ActiveCfg = RelWithDebInfo|x64
		{2B573C36-7043-4934-8AF2-8A45AAA3CBEC}.RelWithDebInfo|x64.Build.0 = RelWithDebInfo|x64
		{2B573C36-7043-4934-8AF2-8A45AAA3CBEC}.Maintainer|x64.ActiveCfg = Maintainer|x64
		{2B573C36-7043-4934-8AF2-8A45AAA3CBEC}.Maintainer|x64.Build.0 = Maintainer|x64
		{8EBE2446-43F9-44F8-9B7B-68641571D6DC}.Debug|x64.ActiveCfg = Debug|x64
		{8EBE2446-43F9-44F8-9B7B-68641571D6DC}.Debug|x64.Build.0 = Debug|x64
		{8EBE2446-43F9-44F8-9B7B-68641571D6DC}.Release|x64.ActiveCfg = Release|x64
		{8EBE2446-43F9-44F8-9B7B-68641571D6DC}.Release|x64.Build.0 = Release|x64
		{8EBE2446-43F9-44F8-9B7B-68641571D6DC}.MinSizeRel|x64.ActiveCfg = MinSizeRel|x64
		{8EBE2446-43F9-44F8-9B7B-68641571D6DC}.MinSizeRel|x64.Build.0 = MinSizeRel|x64
		{8EBE2446-43F9-44F8-9B7B-68641571D6DC}.RelWithDebInfo|x64.ActiveCfg = RelWithDebInfo|x64
		{8EBE2446-43F9-44F8-9B7B-68641571D6DC}.RelWithDebInfo|x64.Build.0 = RelWithDebInfo|x64
		{8EBE2446-43F9-44F8-9B7B-68641571D6DC}.Maintainer|x64.ActiveCfg = Maintainer|x64
		{8EBE2446-43F9-44F8-9B7B-68641571D6DC}.Maintainer|x64.Build.0 = Maintainer|x64
		{2971CB68-63B8-4F13-ADE8-6B7F984EB04C}.Debug|x64.ActiveCfg = Debug|x64
		{2971CB68-63B8-4F13-ADE8-6B7F984EB04C}.Debug|x64.Build.0 = Debug|x64
		{2971CB68-63B8-4F13-ADE8-6B7F984EB04C}.Release|x64.ActiveCfg = Release|x64
		{2971CB68-63B8-4F13-ADE8-6B7F984EB04C}.Release|x64.Build.0 = Release|x64
		{2971CB68-63B8-4F13-ADE8-6B7F984EB04C}.MinSizeRel|x64.ActiveCfg = MinSizeRel|x64
		{2971CB68-63B8-4F13-ADE8-6B7F984EB04C}.MinSizeRel|x64.Build.0 = MinSizeRel|x64
		{2971CB68-63B8-4F13-ADE8-6B7F984EB04C}.RelWithDebInfo|x64.ActiveCfg = RelWithDebInfo|x64
		{2971CB68-63B8-4F13-ADE8-6B7F984EB04C}.RelWithDebInfo|x64.Build.0 = RelWithDebInfo|x64
		{2971CB68-63B8-4F13-ADE8-6B7F984EB04C}.Maintainer|x64.ActiveCfg = Maintainer|x64
		{2971CB68-63B8-4F13-ADE8-6B7F984EB04C}.Maintainer|x64.Build.0 = Maintainer|x64
		{A5DFEDA6-29D5-48AC-9F63-425CE228D99C}.Debug|x64.ActiveCfg = Debug|x64
		{A5DFEDA6-29D5-48AC-9F63-425CE228D99C}.Debug|x64.Build.0 = Debug|x64
		{A5DFEDA6-29D5-48AC-9F63-425CE228D99C}.Release|x64.ActiveCfg = Release|x64
		{A5DFEDA6-29D5-48AC-9F63-425CE228D99C}.Release|x64.Build.0 = Release|x64
		{A5DFEDA6-29D5-48AC-9F63-425CE228D99C}.MinSizeRel|x64.ActiveCfg = MinSizeRel|x64
		{A5DFEDA6-29D5-48AC-9F63-425CE228D99C}.MinSizeRel|x64.Build.0 = MinSizeRel|x64
		{A5DFEDA6-29D5-48AC-9F63-425CE228D99C}.RelWithDebInfo|x64.ActiveCfg = RelWithDebInfo|x64
		{A5DFEDA6-29D5-48AC-9F63-425CE228D99C}.RelWithDebInfo|x64.Build.0 = RelWithDebInfo|x64
		{A5DFEDA6-29D5-48AC-9F63-425CE228D99C}.Maintainer|x64.ActiveCfg = Maintainer|x64
		{A5DFEDA6-29D5-48AC-9F63-425CE228D99C}.Maintainer|x64.Build.0 = Maintainer|x64
		{6F3A8E0A-3749-4E6E-BCAC-A554C43ADB52}.Debug|x64.ActiveCfg = Debug|x64
		{6F3A8E0A-3749-4E6E-BCAC-A554C43ADB52}.Debug|x64.Build.0 = Debug|x64
		{6F3A8E0A-3749-4E6E-BCAC-A554C43ADB52}.Release|x64.ActiveCfg = Release|x64
		{6F3A8E0A-3749-4E6E-BCAC-A554C43ADB52}.Release|x64.Build.0 = Release|x64
		{6F3A8E0A-3749-4E6E-BCAC-A554C43ADB52}.MinSizeRel|x64.ActiveCfg = MinSizeRel|x64
		{6F3A8E0A-3749-4E6E-BCAC-A554C43ADB52}.MinSizeRel|x64.Build.0 = MinSizeRel|x64
		{6F3A8E0A-3749-4E6E-BCAC-A554C43ADB52}.RelWithDebInfo|x64.ActiveCfg = RelWithDebInfo|x64
		{6F3A8E0A-3749-4E6E-BCAC-A554C43ADB52}.RelWithDebInfo|x64.Build.0 = RelWithDebInfo|x64
		{6F3A8E0A-3749-4E6E-BCAC-A554C43ADB52}.Maintainer|x64.ActiveCfg = Maintainer|x64
		{6F3A8E0A-3749-4E6E-BCAC-A554C43ADB52}.Maintainer|x64.Build.0 = Maintainer|x64
		{CB1C0F5D-AA1B-4140-AF71-1DDF7DDA27E6}.Debug|x64.ActiveCfg = Debug|x64
		{CB1C0F5D-AA1B-4140-AF71-1DDF7DDA27E6}.Debug|x64.Build.0 = Debug|x64
		{CB1C0F5D-AA1B-4140-AF71-1DDF7DDA27E6}.Release|x64.ActiveCfg = Release|x64
		{CB1C0F5D-AA1B-4140-AF71-1DDF7DDA27E6}.Release|x64.Build.0 = Release|x64
		{CB1C0F5D-AA1B-4140-AF71-1DDF7DDA27E6}.MinSizeRel|x64.ActiveCfg = MinSizeRel|x64
		{CB1C0F5D-AA1B-4140-AF71-1DDF7DDA27E6}.MinSizeRel|x64.Build.0 = MinSizeRel|x64
		{CB1C0F5D-AA1B-4140-AF71-1DDF7DDA27E6}.RelWithDebInfo|x64.ActiveCfg = RelWithDebInfo|x64
		{CB1C0F5D-AA1B-4140-AF71-1DDF7DDA27E6}.RelWithDebInfo|x64.Build.0 = RelWithDebInfo|x64
		{CB1C0F5D-AA1B-4140-AF71-1DDF7DDA27E6}.Maintainer|x64.ActiveCfg = Maintainer|x64
		{CB1C0F5D-AA1B-4140-AF71-1DDF7DDA27E6}.Maintainer|x64.Build.0 = Maintainer|x64
	EndGlobalSection
	GlobalSection(NestedProjects) = preSolution
		{F72AE4AF-A4CC-4EC8-A27A-38A9F88D72EA} = {F3F3BAA2-5B80-48C5-B819-3A245488B9AA}
		{CA2001FB-BFE3-41DB-8726-08B4FEC66E87} = {F3F3BAA2-5B80-48C5-B819-3A245488B9AA}
		{44816857-DDBA-48FC-8D82-3539F4841569} = {F3F3BAA2-5B80-48C5-B819-3A245488B9AA}
		{715FC515-4A1C-4AB6-9A8F-86D19D0EB36F} = {B0FE7426-05F4-4173-826D-6B427F38A008}
		{0B0C06BF-ACCD-47E8-AAE8-9483A27B6FAE} = {B0FE7426-05F4-4173-826D-6B427F38A008}
		{73373091-1247-4350-BB7E-A5F318469F4E} = {B0FE7426-05F4-4173-826D-6B427F38A008}
		{34322EDE-443D-43C0-B272-79F91A9CB48A} = {715FC515-4A1C-4AB6-9A8F-86D19D0EB36F}
		{2B573C36-7043-4934-8AF2-8A45AAA3CBEC} = {0B0C06BF-ACCD-47E8-AAE8-9483A27B6FAE}
		{8EBE2446-43F9-44F8-9B7B-68641571D6DC} = {0B0C06BF-ACCD-47E8-AAE8-9483A27B6FAE}
		{DB507E98-DBD6-4A2D-91AF-641903D638B4} = {73373091-1247-4350-BB7E-A5F318469F4E}
		{2971CB68-63B8-4F13-ADE8-6B7F984EB04C} = {73373091-1247-4350-BB7E-A5F318469F4E}
		{A5DFEDA6-29D5-48AC-9F63-425CE228D99C} = {73373091-1247-4350-BB7E-A5F318469F4E}
		{6F3A8E0A-3749-4E6E-BCAC-A554C43ADB52} = {73373091-1247-4350-BB7E-A5F318469F4E}
		{CB1C0F5D-AA1B-4140-AF71-1DDF7DDA27E6} = {73373091-1247-4350-BB7E-A5F318469F4E}
	EndGlobalSection
	GlobalSection(ExtensibilityGlobals) = postSolution
	EndGlobalSection
	GlobalSection(ExtensibilityAddIns) = postSolution
	EndGlobalSection
EndGlobal
