<?xml version="1.0" encoding="UTF-8"?>
<Project ToolsVersion="14.0" xmlns="http://schemas.microsoft.com/developer/msbuild/2003">
  <ItemGroup>
    <ClCompile Include="D:\workspace_github\openMVG\src\openMVG\image\image_io.cpp">
      <Filter>Source Files</Filter>
    </ClCompile>
  </ItemGroup>
  <ItemGroup>
    <ClInclude Include="D:\workspace_github\openMVG\src\openMVG\image\image.hpp">
      <Filter>Header Files</Filter>
    </ClInclude>
    <ClInclude Include="D:\workspace_github\openMVG\src\openMVG\image\image_concat.hpp">
      <Filter>Header Files</Filter>
    </ClInclude>
    <ClInclude Include="D:\workspace_github\openMVG\src\openMVG\image\image_container.hpp">
      <Filter>Header Files</Filter>
    </ClInclude>
    <ClInclude Include="D:\workspace_github\openMVG\src\openMVG\image\image_converter.hpp">
      <Filter>Header Files</Filter>
    </ClInclude>
    <ClInclude Include="D:\workspace_github\openMVG\src\openMVG\image\image_convolution.hpp">
      <Filter>Header Files</Filter>
    </ClInclude>
    <ClInclude Include="D:\workspace_github\openMVG\src\openMVG\image\image_convolution_base.hpp">
      <Filter>Header Files</Filter>
    </ClInclude>
    <ClInclude Include="D:\workspace_github\openMVG\src\openMVG\image\image_diffusion.hpp">
      <Filter>Header Files</Filter>
    </ClInclude>
    <ClInclude Include="D:\workspace_github\openMVG\src\openMVG\image\image_drawing.hpp">
      <Filter>Header Files</Filter>
    </ClInclude>
    <ClInclude Include="D:\workspace_github\openMVG\src\openMVG\image\image_filtering.hpp">
      <Filter>Header Files</Filter>
    </ClInclude>
    <ClInclude Include="D:\workspace_github\openMVG\src\openMVG\image\image_io.hpp">
      <Filter>Header Files</Filter>
    </ClInclude>
    <ClInclude Include="D:\workspace_github\openMVG\src\openMVG\image\image_resampling.hpp">
      <Filter>Header Files</Filter>
    </ClInclude>
    <ClInclude Include="D:\workspace_github\openMVG\src\openMVG\image\image_warping.hpp">
      <Filter>Header Files</Filter>
    </ClInclude>
    <ClInclude Include="D:\workspace_github\openMVG\src\openMVG\image\pixel_types.hpp">
      <Filter>Header Files</Filter>
    </ClInclude>
    <ClInclude Include="D:\workspace_github\openMVG\src\openMVG\image\sample.hpp">
      <Filter>Header Files</Filter>
    </ClInclude>
  </ItemGroup>
  <ItemGroup>
    <CustomBuild Include="D:\workspace_github\openMVG\src\openMVG\image\CMakeLists.txt" />
  </ItemGroup>
  <ItemGroup>
    <Filter Include="Source Files">
      <UniqueIdentifier>{08F8FDC1-9267-464F-87C6-71FCF3B0FF31}</UniqueIdentifier>
    </Filter>
    <Filter Include="Header Files">
      <UniqueIdentifier>{54235314-9969-4C4D-9D6D-58CE5A2A1C7F}</UniqueIdentifier>
    </Filter>
  </ItemGroup>
</Project>
