<?xml version="1.0" encoding="UTF-8"?>
<Project ToolsVersion="14.0" xmlns="http://schemas.microsoft.com/developer/msbuild/2003">
  <ItemGroup>
    <ClCompile Include="D:\workspace_github\openMVG\src\openMVG\features\akaze\AKAZE.cpp">
      <Filter>Source Files</Filter>
    </ClCompile>
    <ClCompile Include="D:\workspace_github\openMVG\src\openMVG\features\liop\liop_descriptor.cpp">
      <Filter>Source Files</Filter>
    </ClCompile>
  </ItemGroup>
  <ItemGroup>
    <ClInclude Include="D:\workspace_github\openMVG\src\openMVG\features\akaze\AKAZE.hpp">
      <Filter>Header Files</Filter>
    </ClInclude>
    <ClInclude Include="D:\workspace_github\openMVG\src\openMVG\features\akaze\mldb_descriptor.hpp">
      <Filter>Header Files</Filter>
    </ClInclude>
    <ClInclude Include="D:\workspace_github\openMVG\src\openMVG\features\akaze\msurf_descriptor.hpp">
      <Filter>Header Files</Filter>
    </ClInclude>
    <ClInclude Include="D:\workspace_github\openMVG\src\openMVG\features\descriptor.hpp">
      <Filter>Header Files</Filter>
    </ClInclude>
    <ClInclude Include="D:\workspace_github\openMVG\src\openMVG\features\feature.hpp">
      <Filter>Header Files</Filter>
    </ClInclude>
    <ClInclude Include="D:\workspace_github\openMVG\src\openMVG\features\features.hpp">
      <Filter>Header Files</Filter>
    </ClInclude>
    <ClInclude Include="D:\workspace_github\openMVG\src\openMVG\features\image_describer.hpp">
      <Filter>Header Files</Filter>
    </ClInclude>
    <ClInclude Include="D:\workspace_github\openMVG\src\openMVG\features\image_describer_akaze.hpp">
      <Filter>Header Files</Filter>
    </ClInclude>
    <ClInclude Include="D:\workspace_github\openMVG\src\openMVG\features\io_regions_type.hpp">
      <Filter>Header Files</Filter>
    </ClInclude>
    <ClInclude Include="D:\workspace_github\openMVG\src\openMVG\features\keypointSet.hpp">
      <Filter>Header Files</Filter>
    </ClInclude>
    <ClInclude Include="D:\workspace_github\openMVG\src\openMVG\features\liop\liop_descriptor.hpp">
      <Filter>Header Files</Filter>
    </ClInclude>
    <ClInclude Include="D:\workspace_github\openMVG\src\openMVG\features\regions.hpp">
      <Filter>Header Files</Filter>
    </ClInclude>
    <ClInclude Include="D:\workspace_github\openMVG\src\openMVG\features\regions_factory.hpp">
      <Filter>Header Files</Filter>
    </ClInclude>
  </ItemGroup>
  <ItemGroup>
    <CustomBuild Include="D:\workspace_github\openMVG\src\openMVG\features\CMakeLists.txt" />
  </ItemGroup>
  <ItemGroup>
    <Filter Include="Source Files">
      <UniqueIdentifier>{08F8FDC1-9267-464F-87C6-71FCF3B0FF31}</UniqueIdentifier>
    </Filter>
    <Filter Include="Header Files">
      <UniqueIdentifier>{54235314-9969-4C4D-9D6D-58CE5A2A1C7F}</UniqueIdentifier>
    </Filter>
  </ItemGroup>
</Project>
