Microsoft Visual Studio Solution File, Format Version 12.00
# Visual Studio 14
Project("{8BC9CEB8-8B4A-11D0-8D11-00A0C91BC942}") = "ALL_BUILD", "ALL_BUILD.vcxproj", "{128A3425-3E30-4566-B369-D266E4C9106F}"
	ProjectSection(ProjectDependencies) = postProject
		{2D9DFE9A-8B61-4D71-B9F1-94913E378A4E} = {2D9DFE9A-8B61-4D71-B9F1-94913E378A4E}
		{07040AB4-4C34-4441-A350-BFD0568065D3} = {07040AB4-4C34-4441-A350-BFD0568065D3}
		{9DB257EA-79CF-4002-9391-CF65A96FCB23} = {9DB257EA-79CF-4002-9391-CF65A96FCB23}
	EndProjectSection
EndProject
Project("{8BC9CEB8-8B4A-11D0-8D11-00A0C91BC942}") = "CppUnitLite", "..\..\third_party\CppUnitLite\CppUnitLite.vcxproj", "{DB507E98-DBD6-4A2D-91AF-641903D638B4}"
	ProjectSection(ProjectDependencies) = postProject
		{44816857-DDBA-48FC-8D82-3539F4841569} = {44816857-DDBA-48FC-8D82-3539F4841569}
	EndProjectSection
EndProject
Project("{8BC9CEB8-8B4A-11D0-8D11-00A0C91BC942}") = "INSTALL", "INSTALL.vcxproj", "{F72AE4AF-A4CC-4EC8-A27A-38A9F88D72EA}"
	ProjectSection(ProjectDependencies) = postProject
		{128A3425-3E30-4566-B369-D266E4C9106F} = {128A3425-3E30-4566-B369-D266E4C9106F}
	EndProjectSection
EndProject
Project("{8BC9CEB8-8B4A-11D0-8D11-00A0C91BC942}") = "RUN_TESTS", "RUN_TESTS.vcxproj", "{CA2001FB-BFE3-41DB-8726-08B4FEC66E87}"
	ProjectSection(ProjectDependencies) = postProject
	EndProjectSection
EndProject
Project("{8BC9CEB8-8B4A-11D0-8D11-00A0C91BC942}") = "ZERO_CHECK", "..\..\\ZERO_CHECK.vcxproj", "{44816857-DDBA-48FC-8D82-3539F4841569}"
	ProjectSection(ProjectDependencies) = postProject
	EndProjectSection
EndProject
Project("{8BC9CEB8-8B4A-11D0-8D11-00A0C91BC942}") = "ceres", "..\..\third_party\ceres-solver\internal\ceres\ceres.vcxproj", "{321A5D78-070D-4027-9F48-7F6043DF511F}"
	ProjectSection(ProjectDependencies) = postProject
		{44816857-DDBA-48FC-8D82-3539F4841569} = {44816857-DDBA-48FC-8D82-3539F4841569}
		{69E4840E-4BB2-42EF-B15E-E4A76F609E3C} = {69E4840E-4BB2-42EF-B15E-E4A76F609E3C}
	EndProjectSection
EndProject
Project("{8BC9CEB8-8B4A-11D0-8D11-00A0C91BC942}") = "cxsparse", "..\..\third_party\cxsparse\cxsparse.vcxproj", "{69E4840E-4BB2-42EF-B15E-E4A76F609E3C}"
	ProjectSection(ProjectDependencies) = postProject
		{44816857-DDBA-48FC-8D82-3539F4841569} = {44816857-DDBA-48FC-8D82-3539F4841569}
	EndProjectSection
EndProject
Project("{8BC9CEB8-8B4A-11D0-8D11-00A0C91BC942}") = "lemon", "..\..\third_party\lemon\lemon\lemon.vcxproj", "{29E61225-8A41-4812-B77A-035CAA0C85AE}"
	ProjectSection(ProjectDependencies) = postProject
		{44816857-DDBA-48FC-8D82-3539F4841569} = {44816857-DDBA-48FC-8D82-3539F4841569}
	EndProjectSection
EndProject
Project("{8BC9CEB8-8B4A-11D0-8D11-00A0C91BC942}") = "openMVG_multiview", "..\multiview\openMVG_multiview.vcxproj", "{061E9705-7D35-4C26-990A-44620F163384}"
	ProjectSection(ProjectDependencies) = postProject
		{44816857-DDBA-48FC-8D82-3539F4841569} = {44816857-DDBA-48FC-8D82-3539F4841569}
		{321A5D78-070D-4027-9F48-7F6043DF511F} = {321A5D78-070D-4027-9F48-7F6043DF511F}
		{69E4840E-4BB2-42EF-B15E-E4A76F609E3C} = {69E4840E-4BB2-42EF-B15E-E4A76F609E3C}
		{29E61225-8A41-4812-B77A-035CAA0C85AE} = {29E61225-8A41-4812-B77A-035CAA0C85AE}
		{9C96B67D-4C51-42C6-BD16-ACD33480DDAA} = {9C96B67D-4C51-42C6-BD16-ACD33480DDAA}
	EndProjectSection
EndProject
Project("{8BC9CEB8-8B4A-11D0-8D11-00A0C91BC942}") = "openMVG_numeric", "..\numeric\openMVG_numeric.vcxproj", "{9C96B67D-4C51-42C6-BD16-ACD33480DDAA}"
	ProjectSection(ProjectDependencies) = postProject
		{44816857-DDBA-48FC-8D82-3539F4841569} = {44816857-DDBA-48FC-8D82-3539F4841569}
	EndProjectSection
EndProject
Project("{8BC9CEB8-8B4A-11D0-8D11-00A0C91BC942}") = "openMVG_test_Camera_IO", "openMVG_test_Camera_IO.vcxproj", "{2D9DFE9A-8B61-4D71-B9F1-94913E378A4E}"
	ProjectSection(ProjectDependencies) = postProject
		{DB507E98-DBD6-4A2D-91AF-641903D638B4} = {DB507E98-DBD6-4A2D-91AF-641903D638B4}
		{44816857-DDBA-48FC-8D82-3539F4841569} = {44816857-DDBA-48FC-8D82-3539F4841569}
		{321A5D78-070D-4027-9F48-7F6043DF511F} = {321A5D78-070D-4027-9F48-7F6043DF511F}
		{69E4840E-4BB2-42EF-B15E-E4A76F609E3C} = {69E4840E-4BB2-42EF-B15E-E4A76F609E3C}
		{29E61225-8A41-4812-B77A-035CAA0C85AE} = {29E61225-8A41-4812-B77A-035CAA0C85AE}
		{061E9705-7D35-4C26-990A-44620F163384} = {061E9705-7D35-4C26-990A-44620F163384}
		{9C96B67D-4C51-42C6-BD16-ACD33480DDAA} = {9C96B67D-4C51-42C6-BD16-ACD33480DDAA}
		{BBB4C50E-2B36-4C0F-9487-D65EAD297DC1} = {BBB4C50E-2B36-4C0F-9487-D65EAD297DC1}
	EndProjectSection
EndProject
Project("{8BC9CEB8-8B4A-11D0-8D11-00A0C91BC942}") = "openMVG_test_Camera_Pinhole_Brown", "openMVG_test_Camera_Pinhole_Brown.vcxproj", "{07040AB4-4C34-4441-A350-BFD0568065D3}"
	ProjectSection(ProjectDependencies) = postProject
		{DB507E98-DBD6-4A2D-91AF-641903D638B4} = {DB507E98-DBD6-4A2D-91AF-641903D638B4}
		{44816857-DDBA-48FC-8D82-3539F4841569} = {44816857-DDBA-48FC-8D82-3539F4841569}
		{321A5D78-070D-4027-9F48-7F6043DF511F} = {321A5D78-070D-4027-9F48-7F6043DF511F}
		{69E4840E-4BB2-42EF-B15E-E4A76F609E3C} = {69E4840E-4BB2-42EF-B15E-E4A76F609E3C}
		{29E61225-8A41-4812-B77A-035CAA0C85AE} = {29E61225-8A41-4812-B77A-035CAA0C85AE}
		{061E9705-7D35-4C26-990A-44620F163384} = {061E9705-7D35-4C26-990A-44620F163384}
		{9C96B67D-4C51-42C6-BD16-ACD33480DDAA} = {9C96B67D-4C51-42C6-BD16-ACD33480DDAA}
	EndProjectSection
EndProject
Project("{8BC9CEB8-8B4A-11D0-8D11-00A0C91BC942}") = "openMVG_test_Camera_Pinhole_Radial", "openMVG_test_Camera_Pinhole_Radial.vcxproj", "{9DB257EA-79CF-4002-9391-CF65A96FCB23}"
	ProjectSection(ProjectDependencies) = postProject
		{DB507E98-DBD6-4A2D-91AF-641903D638B4} = {DB507E98-DBD6-4A2D-91AF-641903D638B4}
		{44816857-DDBA-48FC-8D82-3539F4841569} = {44816857-DDBA-48FC-8D82-3539F4841569}
		{321A5D78-070D-4027-9F48-7F6043DF511F} = {321A5D78-070D-4027-9F48-7F6043DF511F}
		{69E4840E-4BB2-42EF-B15E-E4A76F609E3C} = {69E4840E-4BB2-42EF-B15E-E4A76F609E3C}
		{29E61225-8A41-4812-B77A-035CAA0C85AE} = {29E61225-8A41-4812-B77A-035CAA0C85AE}
		{061E9705-7D35-4C26-990A-44620F163384} = {061E9705-7D35-4C26-990A-44620F163384}
		{9C96B67D-4C51-42C6-BD16-ACD33480DDAA} = {9C96B67D-4C51-42C6-BD16-ACD33480DDAA}
	EndProjectSection
EndProject
Project("{8BC9CEB8-8B4A-11D0-8D11-00A0C91BC942}") = "stlplus", "..\..\third_party\stlplus3\stlplus.vcxproj", "{BBB4C50E-2B36-4C0F-9487-D65EAD297DC1}"
	ProjectSection(ProjectDependencies) = postProject
		{44816857-DDBA-48FC-8D82-3539F4841569} = {44816857-DDBA-48FC-8D82-3539F4841569}
	EndProjectSection
EndProject
Project("{2150E333-8FDC-42A3-9474-1A3956D46DE8}") = "CMakePredefinedTargets", "CMakePredefinedTargets", "{F3F3BAA2-5B80-48C5-B819-3A245488B9AA}"
EndProject
Project("{2150E333-8FDC-42A3-9474-1A3956D46DE8}") = "OpenMVG", "OpenMVG", "{B0FE7426-05F4-4173-826D-6B427F38A008}"
EndProject
Project("{2150E333-8FDC-42A3-9474-1A3956D46DE8}") = "3rdParty", "OpenMVG\3rdParty", "{715FC515-4A1C-4AB6-9A8F-86D19D0EB36F}"
EndProject
Project("{2150E333-8FDC-42A3-9474-1A3956D46DE8}") = "ceres", "OpenMVG\3rdParty\ceres", "{C56ABE4E-FBD5-4DC6-8FE7-19ACD57FA2FB}"
EndProject
Project("{2150E333-8FDC-42A3-9474-1A3956D46DE8}") = "lemon", "OpenMVG\3rdParty\lemon", "{0A3AD2A7-7CAC-4582-86B9-BBFE687CEBCD}"
EndProject
Project("{2150E333-8FDC-42A3-9474-1A3956D46DE8}") = "OpenMVG", "OpenMVG\OpenMVG", "{0B0C06BF-ACCD-47E8-AAE8-9483A27B6FAE}"
EndProject
Project("{2150E333-8FDC-42A3-9474-1A3956D46DE8}") = "test", "OpenMVG\test", "{73373091-1247-4350-BB7E-A5F318469F4E}"
EndProject
Global
	GlobalSection(SolutionConfigurationPlatforms) = preSolution
		Debug|x64 = Debug|x64
		Release|x64 = Release|x64
		MinSizeRel|x64 = MinSizeRel|x64
		RelWithDebInfo|x64 = RelWithDebInfo|x64
		Maintainer|x64 = Maintainer|x64
	EndGlobalSection
	GlobalSection(ProjectConfigurationPlatforms) = postSolution
		{128A3425-3E30-4566-B369-D266E4C9106F}.Debug|x64.ActiveCfg = Debug|x64
		{128A3425-3E30-4566-B369-D266E4C9106F}.Debug|x64.Build.0 = Debug|x64
		{128A3425-3E30-4566-B369-D266E4C9106F}.Release|x64.ActiveCfg = Release|x64
		{128A3425-3E30-4566-B369-D266E4C9106F}.Release|x64.Build.0 = Release|x64
		{128A3425-3E30-4566-B369-D266E4C9106F}.MinSizeRel|x64.ActiveCfg = MinSizeRel|x64
		{128A3425-3E30-4566-B369-D266E4C9106F}.MinSizeRel|x64.Build.0 = MinSizeRel|x64
		{128A3425-3E30-4566-B369-D266E4C9106F}.RelWithDebInfo|x64.ActiveCfg = RelWithDebInfo|x64
		{128A3425-3E30-4566-B369-D266E4C9106F}.RelWithDebInfo|x64.Build.0 = RelWithDebInfo|x64
		{128A3425-3E30-4566-B369-D266E4C9106F}.Maintainer|x64.ActiveCfg = Maintainer|x64
		{128A3425-3E30-4566-B369-D266E4C9106F}.Maintainer|x64.Build.0 = Maintainer|x64
		{DB507E98-DBD6-4A2D-91AF-641903D638B4}.Debug|x64.ActiveCfg = Debug|x64
		{DB507E98-DBD6-4A2D-91AF-641903D638B4}.Debug|x64.Build.0 = Debug|x64
		{DB507E98-DBD6-4A2D-91AF-641903D638B4}.Release|x64.ActiveCfg = Release|x64
		{DB507E98-DBD6-4A2D-91AF-641903D638B4}.Release|x64.Build.0 = Release|x64
		{DB507E98-DBD6-4A2D-91AF-641903D638B4}.MinSizeRel|x64.ActiveCfg = MinSizeRel|x64
		{DB507E98-DBD6-4A2D-91AF-641903D638B4}.MinSizeRel|x64.Build.0 = MinSizeRel|x64
		{DB507E98-DBD6-4A2D-91AF-641903D638B4}.RelWithDebInfo|x64.ActiveCfg = RelWithDebInfo|x64
		{DB507E98-DBD6-4A2D-91AF-641903D638B4}.RelWithDebInfo|x64.Build.0 = RelWithDebInfo|x64
		{DB507E98-DBD6-4A2D-91AF-641903D638B4}.Maintainer|x64.ActiveCfg = Maintainer|x64
		{DB507E98-DBD6-4A2D-91AF-641903D638B4}.Maintainer|x64.Build.0 = Maintainer|x64
		{F72AE4AF-A4CC-4EC8-A27A-38A9F88D72EA}.Debug|x64.ActiveCfg = Debug|x64
		{F72AE4AF-A4CC-4EC8-A27A-38A9F88D72EA}.Release|x64.ActiveCfg = Release|x64
		{F72AE4AF-A4CC-4EC8-A27A-38A9F88D72EA}.MinSizeRel|x64.ActiveCfg = MinSizeRel|x64
		{F72AE4AF-A4CC-4EC8-A27A-38A9F88D72EA}.RelWithDebInfo|x64.ActiveCfg = RelWithDebInfo|x64
		{F72AE4AF-A4CC-4EC8-A27A-38A9F88D72EA}.Maintainer|x64.ActiveCfg = Maintainer|x64
		{CA2001FB-BFE3-41DB-8726-08B4FEC66E87}.Debug|x64.ActiveCfg = Debug|x64
		{CA2001FB-BFE3-41DB-8726-08B4FEC66E87}.Release|x64.ActiveCfg = Release|x64
		{CA2001FB-BFE3-41DB-8726-08B4FEC66E87}.MinSizeRel|x64.ActiveCfg = MinSizeRel|x64
		{CA2001FB-BFE3-41DB-8726-08B4FEC66E87}.RelWithDebInfo|x64.ActiveCfg = RelWithDebInfo|x64
		{CA2001FB-BFE3-41DB-8726-08B4FEC66E87}.Maintainer|x64.ActiveCfg = Maintainer|x64
		{44816857-DDBA-48FC-8D82-3539F4841569}.Debug|x64.ActiveCfg = Debug|x64
		{44816857-DDBA-48FC-8D82-3539F4841569}.Debug|x64.Build.0 = Debug|x64
		{44816857-DDBA-48FC-8D82-3539F4841569}.Release|x64.ActiveCfg = Release|x64
		{44816857-DDBA-48FC-8D82-3539F4841569}.Release|x64.Build.0 = Release|x64
		{44816857-DDBA-48FC-8D82-3539F4841569}.MinSizeRel|x64.ActiveCfg = MinSizeRel|x64
		{44816857-DDBA-48FC-8D82-3539F4841569}.MinSizeRel|x64.Build.0 = MinSizeRel|x64
		{44816857-DDBA-48FC-8D82-3539F4841569}.RelWithDebInfo|x64.ActiveCfg = RelWithDebInfo|x64
		{44816857-DDBA-48FC-8D82-3539F4841569}.RelWithDebInfo|x64.Build.0 = RelWithDebInfo|x64
		{44816857-DDBA-48FC-8D82-3539F4841569}.Maintainer|x64.ActiveCfg = Maintainer|x64
		{44816857-DDBA-48FC-8D82-3539F4841569}.Maintainer|x64.Build.0 = Maintainer|x64
		{321A5D78-070D-4027-9F48-7F6043DF511F}.Debug|x64.ActiveCfg = Debug|x64
		{321A5D78-070D-4027-9F48-7F6043DF511F}.Debug|x64.Build.0 = Debug|x64
		{321A5D78-070D-4027-9F48-7F6043DF511F}.Release|x64.ActiveCfg = Release|x64
		{321A5D78-070D-4027-9F48-7F6043DF511F}.Release|x64.Build.0 = Release|x64
		{321A5D78-070D-4027-9F48-7F6043DF511F}.MinSizeRel|x64.ActiveCfg = MinSizeRel|x64
		{321A5D78-070D-4027-9F48-7F6043DF511F}.MinSizeRel|x64.Build.0 = MinSizeRel|x64
		{321A5D78-070D-4027-9F48-7F6043DF511F}.RelWithDebInfo|x64.ActiveCfg = RelWithDebInfo|x64
		{321A5D78-070D-4027-9F48-7F6043DF511F}.RelWithDebInfo|x64.Build.0 = RelWithDebInfo|x64
		{321A5D78-070D-4027-9F48-7F6043DF511F}.Maintainer|x64.ActiveCfg = Maintainer|x64
		{321A5D78-070D-4027-9F48-7F6043DF511F}.Maintainer|x64.Build.0 = Maintainer|x64
		{69E4840E-4BB2-42EF-B15E-E4A76F609E3C}.Debug|x64.ActiveCfg = Debug|x64
		{69E4840E-4BB2-42EF-B15E-E4A76F609E3C}.Debug|x64.Build.0 = Debug|x64
		{69E4840E-4BB2-42EF-B15E-E4A76F609E3C}.Release|x64.ActiveCfg = Release|x64
		{69E4840E-4BB2-42EF-B15E-E4A76F609E3C}.Release|x64.Build.0 = Release|x64
		{69E4840E-4BB2-42EF-B15E-E4A76F609E3C}.MinSizeRel|x64.ActiveCfg = MinSizeRel|x64
		{69E4840E-4BB2-42EF-B15E-E4A76F609E3C}.MinSizeRel|x64.Build.0 = MinSizeRel|x64
		{69E4840E-4BB2-42EF-B15E-E4A76F609E3C}.RelWithDebInfo|x64.ActiveCfg = RelWithDebInfo|x64
		{69E4840E-4BB2-42EF-B15E-E4A76F609E3C}.RelWithDebInfo|x64.Build.0 = RelWithDebInfo|x64
		{69E4840E-4BB2-42EF-B15E-E4A76F609E3C}.Maintainer|x64.ActiveCfg = Maintainer|x64
		{69E4840E-4BB2-42EF-B15E-E4A76F609E3C}.Maintainer|x64.Build.0 = Maintainer|x64
		{29E61225-8A41-4812-B77A-035CAA0C85AE}.Debug|x64.ActiveCfg = Debug|x64
		{29E61225-8A41-4812-B77A-035CAA0C85AE}.Debug|x64.Build.0 = Debug|x64
		{29E61225-8A41-4812-B77A-035CAA0C85AE}.Release|x64.ActiveCfg = Release|x64
		{29E61225-8A41-4812-B77A-035CAA0C85AE}.Release|x64.Build.0 = Release|x64
		{29E61225-8A41-4812-B77A-035CAA0C85AE}.MinSizeRel|x64.ActiveCfg = MinSizeRel|x64
		{29E61225-8A41-4812-B77A-035CAA0C85AE}.MinSizeRel|x64.Build.0 = MinSizeRel|x64
		{29E61225-8A41-4812-B77A-035CAA0C85AE}.RelWithDebInfo|x64.ActiveCfg = RelWithDebInfo|x64
		{29E61225-8A41-4812-B77A-035CAA0C85AE}.RelWithDebInfo|x64.Build.0 = RelWithDebInfo|x64
		{29E61225-8A41-4812-B77A-035CAA0C85AE}.Maintainer|x64.ActiveCfg = Maintainer|x64
		{29E61225-8A41-4812-B77A-035CAA0C85AE}.Maintainer|x64.Build.0 = Maintainer|x64
		{061E9705-7D35-4C26-990A-44620F163384}.Debug|x64.ActiveCfg = Debug|x64
		{061E9705-7D35-4C26-990A-44620F163384}.Debug|x64.Build.0 = Debug|x64
		{061E9705-7D35-4C26-990A-44620F163384}.Release|x64.ActiveCfg = Release|x64
		{061E9705-7D35-4C26-990A-44620F163384}.Release|x64.Build.0 = Release|x64
		{061E9705-7D35-4C26-990A-44620F163384}.MinSizeRel|x64.ActiveCfg = MinSizeRel|x64
		{061E9705-7D35-4C26-990A-44620F163384}.MinSizeRel|x64.Build.0 = MinSizeRel|x64
		{061E9705-7D35-4C26-990A-44620F163384}.RelWithDebInfo|x64.ActiveCfg = RelWithDebInfo|x64
		{061E9705-7D35-4C26-990A-44620F163384}.RelWithDebInfo|x64.Build.0 = RelWithDebInfo|x64
		{061E9705-7D35-4C26-990A-44620F163384}.Maintainer|x64.ActiveCfg = Maintainer|x64
		{061E9705-7D35-4C26-990A-44620F163384}.Maintainer|x64.Build.0 = Maintainer|x64
		{9C96B67D-4C51-42C6-BD16-ACD33480DDAA}.Debug|x64.ActiveCfg = Debug|x64
		{9C96B67D-4C51-42C6-BD16-ACD33480DDAA}.Debug|x64.Build.0 = Debug|x64
		{9C96B67D-4C51-42C6-BD16-ACD33480DDAA}.Release|x64.ActiveCfg = Release|x64
		{9C96B67D-4C51-42C6-BD16-ACD33480DDAA}.Release|x64.Build.0 = Release|x64
		{9C96B67D-4C51-42C6-BD16-ACD33480DDAA}.MinSizeRel|x64.ActiveCfg = MinSizeRel|x64
		{9C96B67D-4C51-42C6-BD16-ACD33480DDAA}.MinSizeRel|x64.Build.0 = MinSizeRel|x64
		{9C96B67D-4C51-42C6-BD16-ACD33480DDAA}.RelWithDebInfo|x64.ActiveCfg = RelWithDebInfo|x64
		{9C96B67D-4C51-42C6-BD16-ACD33480DDAA}.RelWithDebInfo|x64.Build.0 = RelWithDebInfo|x64
		{9C96B67D-4C51-42C6-BD16-ACD33480DDAA}.Maintainer|x64.ActiveCfg = Maintainer|x64
		{9C96B67D-4C51-42C6-BD16-ACD33480DDAA}.Maintainer|x64.Build.0 = Maintainer|x64
		{2D9DFE9A-8B61-4D71-B9F1-94913E378A4E}.Debug|x64.ActiveCfg = Debug|x64
		{2D9DFE9A-8B61-4D71-B9F1-94913E378A4E}.Debug|x64.Build.0 = Debug|x64
		{2D9DFE9A-8B61-4D71-B9F1-94913E378A4E}.Release|x64.ActiveCfg = Release|x64
		{2D9DFE9A-8B61-4D71-B9F1-94913E378A4E}.Release|x64.Build.0 = Release|x64
		{2D9DFE9A-8B61-4D71-B9F1-94913E378A4E}.MinSizeRel|x64.ActiveCfg = MinSizeRel|x64
		{2D9DFE9A-8B61-4D71-B9F1-94913E378A4E}.MinSizeRel|x64.Build.0 = MinSizeRel|x64
		{2D9DFE9A-8B61-4D71-B9F1-94913E378A4E}.RelWithDebInfo|x64.ActiveCfg = RelWithDebInfo|x64
		{2D9DFE9A-8B61-4D71-B9F1-94913E378A4E}.RelWithDebInfo|x64.Build.0 = RelWithDebInfo|x64
		{2D9DFE9A-8B61-4D71-B9F1-94913E378A4E}.Maintainer|x64.ActiveCfg = Maintainer|x64
		{2D9DFE9A-8B61-4D71-B9F1-94913E378A4E}.Maintainer|x64.Build.0 = Maintainer|x64
		{07040AB4-4C34-4441-A350-BFD0568065D3}.Debug|x64.ActiveCfg = Debug|x64
		{07040AB4-4C34-4441-A350-BFD0568065D3}.Debug|x64.Build.0 = Debug|x64
		{07040AB4-4C34-4441-A350-BFD0568065D3}.Release|x64.ActiveCfg = Release|x64
		{07040AB4-4C34-4441-A350-BFD0568065D3}.Release|x64.Build.0 = Release|x64
		{07040AB4-4C34-4441-A350-BFD0568065D3}.MinSizeRel|x64.ActiveCfg = MinSizeRel|x64
		{07040AB4-4C34-4441-A350-BFD0568065D3}.MinSizeRel|x64.Build.0 = MinSizeRel|x64
		{07040AB4-4C34-4441-A350-BFD0568065D3}.RelWithDebInfo|x64.ActiveCfg = RelWithDebInfo|x64
		{07040AB4-4C34-4441-A350-BFD0568065D3}.RelWithDebInfo|x64.Build.0 = RelWithDebInfo|x64
		{07040AB4-4C34-4441-A350-BFD0568065D3}.Maintainer|x64.ActiveCfg = Maintainer|x64
		{07040AB4-4C34-4441-A350-BFD0568065D3}.Maintainer|x64.Build.0 = Maintainer|x64
		{9DB257EA-79CF-4002-9391-CF65A96FCB23}.Debug|x64.ActiveCfg = Debug|x64
		{9DB257EA-79CF-4002-9391-CF65A96FCB23}.Debug|x64.Build.0 = Debug|x64
		{9DB257EA-79CF-4002-9391-CF65A96FCB23}.Release|x64.ActiveCfg = Release|x64
		{9DB257EA-79CF-4002-9391-CF65A96FCB23}.Release|x64.Build.0 = Release|x64
		{9DB257EA-79CF-4002-9391-CF65A96FCB23}.MinSizeRel|x64.ActiveCfg = MinSizeRel|x64
		{9DB257EA-79CF-4002-9391-CF65A96FCB23}.MinSizeRel|x64.Build.0 = MinSizeRel|x64
		{9DB257EA-79CF-4002-9391-CF65A96FCB23}.RelWithDebInfo|x64.ActiveCfg = RelWithDebInfo|x64
		{9DB257EA-79CF-4002-9391-CF65A96FCB23}.RelWithDebInfo|x64.Build.0 = RelWithDebInfo|x64
		{9DB257EA-79CF-4002-9391-CF65A96FCB23}.Maintainer|x64.ActiveCfg = Maintainer|x64
		{9DB257EA-79CF-4002-9391-CF65A96FCB23}.Maintainer|x64.Build.0 = Maintainer|x64
		{BBB4C50E-2B36-4C0F-9487-D65EAD297DC1}.Debug|x64.ActiveCfg = Debug|x64
		{BBB4C50E-2B36-4C0F-9487-D65EAD297DC1}.Debug|x64.Build.0 = Debug|x64
		{BBB4C50E-2B36-4C0F-9487-D65EAD297DC1}.Release|x64.ActiveCfg = Release|x64
		{BBB4C50E-2B36-4C0F-9487-D65EAD297DC1}.Release|x64.Build.0 = Release|x64
		{BBB4C50E-2B36-4C0F-9487-D65EAD297DC1}.MinSizeRel|x64.ActiveCfg = MinSizeRel|x64
		{BBB4C50E-2B36-4C0F-9487-D65EAD297DC1}.MinSizeRel|x64.Build.0 = MinSizeRel|x64
		{BBB4C50E-2B36-4C0F-9487-D65EAD297DC1}.RelWithDebInfo|x64.ActiveCfg = RelWithDebInfo|x64
		{BBB4C50E-2B36-4C0F-9487-D65EAD297DC1}.RelWithDebInfo|x64.Build.0 = RelWithDebInfo|x64
		{BBB4C50E-2B36-4C0F-9487-D65EAD297DC1}.Maintainer|x64.ActiveCfg = Maintainer|x64
		{BBB4C50E-2B36-4C0F-9487-D65EAD297DC1}.Maintainer|x64.Build.0 = Maintainer|x64
	EndGlobalSection
	GlobalSection(NestedProjects) = preSolution
		{F72AE4AF-A4CC-4EC8-A27A-38A9F88D72EA} = {F3F3BAA2-5B80-48C5-B819-3A245488B9AA}
		{CA2001FB-BFE3-41DB-8726-08B4FEC66E87} = {F3F3BAA2-5B80-48C5-B819-3A245488B9AA}
		{44816857-DDBA-48FC-8D82-3539F4841569} = {F3F3BAA2-5B80-48C5-B819-3A245488B9AA}
		{715FC515-4A1C-4AB6-9A8F-86D19D0EB36F} = {B0FE7426-05F4-4173-826D-6B427F38A008}
		{0B0C06BF-ACCD-47E8-AAE8-9483A27B6FAE} = {B0FE7426-05F4-4173-826D-6B427F38A008}
		{73373091-1247-4350-BB7E-A5F318469F4E} = {B0FE7426-05F4-4173-826D-6B427F38A008}
		{C56ABE4E-FBD5-4DC6-8FE7-19ACD57FA2FB} = {715FC515-4A1C-4AB6-9A8F-86D19D0EB36F}
		{0A3AD2A7-7CAC-4582-86B9-BBFE687CEBCD} = {715FC515-4A1C-4AB6-9A8F-86D19D0EB36F}
		{BBB4C50E-2B36-4C0F-9487-D65EAD297DC1} = {715FC515-4A1C-4AB6-9A8F-86D19D0EB36F}
		{321A5D78-070D-4027-9F48-7F6043DF511F} = {C56ABE4E-FBD5-4DC6-8FE7-19ACD57FA2FB}
		{69E4840E-4BB2-42EF-B15E-E4A76F609E3C} = {C56ABE4E-FBD5-4DC6-8FE7-19ACD57FA2FB}
		{29E61225-8A41-4812-B77A-035CAA0C85AE} = {0A3AD2A7-7CAC-4582-86B9-BBFE687CEBCD}
		{061E9705-7D35-4C26-990A-44620F163384} = {0B0C06BF-ACCD-47E8-AAE8-9483A27B6FAE}
		{9C96B67D-4C51-42C6-BD16-ACD33480DDAA} = {0B0C06BF-ACCD-47E8-AAE8-9483A27B6FAE}
		{DB507E98-DBD6-4A2D-91AF-641903D638B4} = {73373091-1247-4350-BB7E-A5F318469F4E}
		{2D9DFE9A-8B61-4D71-B9F1-94913E378A4E} = {73373091-1247-4350-BB7E-A5F318469F4E}
		{07040AB4-4C34-4441-A350-BFD0568065D3} = {73373091-1247-4350-BB7E-A5F318469F4E}
		{9DB257EA-79CF-4002-9391-CF65A96FCB23} = {73373091-1247-4350-BB7E-A5F318469F4E}
	EndGlobalSection
	GlobalSection(ExtensibilityGlobals) = postSolution
	EndGlobalSection
	GlobalSection(ExtensibilityAddIns) = postSolution
	EndGlobalSection
EndGlobal
