<?xml version="1.0" encoding="UTF-8"?>
<Project ToolsVersion="14.0" xmlns="http://schemas.microsoft.com/developer/msbuild/2003">
  <ItemGroup>
    <ClCompile Include="D:\workspace_github\openMVG\src\openMVG\sfm\pipelines\global\GlobalSfM_rotation_averaging.cpp">
      <Filter>Source Files</Filter>
    </ClCompile>
    <ClCompile Include="D:\workspace_github\openMVG\src\openMVG\sfm\pipelines\global\GlobalSfM_translation_averaging.cpp">
      <Filter>Source Files</Filter>
    </ClCompile>
    <ClCompile Include="D:\workspace_github\openMVG\src\openMVG\sfm\pipelines\global\sfm_global_engine_relative_motions.cpp">
      <Filter>Source Files</Filter>
    </ClCompile>
    <ClCompile Include="D:\workspace_github\openMVG\src\openMVG\sfm\pipelines\localization\SfM_Localizer.cpp">
      <Filter>Source Files</Filter>
    </ClCompile>
    <ClCompile Include="D:\workspace_github\openMVG\src\openMVG\sfm\pipelines\localization\SfM_Localizer_Single_3DTrackObservation_Database.cpp">
      <Filter>Source Files</Filter>
    </ClCompile>
    <ClCompile Include="D:\workspace_github\openMVG\src\openMVG\sfm\pipelines\sequential\sequential_SfM.cpp">
      <Filter>Source Files</Filter>
    </ClCompile>
    <ClCompile Include="D:\workspace_github\openMVG\src\openMVG\sfm\pipelines\sfm_robust_model_estimation.cpp">
      <Filter>Source Files</Filter>
    </ClCompile>
    <ClCompile Include="D:\workspace_github\openMVG\src\openMVG\sfm\pipelines\structure_from_known_poses\structure_estimator.cpp">
      <Filter>Source Files</Filter>
    </ClCompile>
    <ClCompile Include="D:\workspace_github\openMVG\src\openMVG\sfm\sfm_data_BA_ceres.cpp">
      <Filter>Source Files</Filter>
    </ClCompile>
    <ClCompile Include="D:\workspace_github\openMVG\src\openMVG\sfm\sfm_data_filters_frustum.cpp">
      <Filter>Source Files</Filter>
    </ClCompile>
    <ClCompile Include="D:\workspace_github\openMVG\src\openMVG\sfm\sfm_data_io.cpp">
      <Filter>Source Files</Filter>
    </ClCompile>
    <ClCompile Include="D:\workspace_github\openMVG\src\openMVG\sfm\sfm_data_triangulation.cpp">
      <Filter>Source Files</Filter>
    </ClCompile>
    <ClCompile Include="D:\workspace_github\openMVG\src\openMVG\sfm\sfm_data_utils.cpp">
      <Filter>Source Files</Filter>
    </ClCompile>
  </ItemGroup>
  <ItemGroup>
    <ClInclude Include="D:\workspace_github\openMVG\src\openMVG\sfm\pipelines\global\GlobalSfM_rotation_averaging.hpp">
      <Filter>Header Files</Filter>
    </ClInclude>
    <ClInclude Include="D:\workspace_github\openMVG\src\openMVG\sfm\pipelines\global\GlobalSfM_translation_averaging.hpp">
      <Filter>Header Files</Filter>
    </ClInclude>
    <ClInclude Include="D:\workspace_github\openMVG\src\openMVG\sfm\pipelines\global\mutexSet.hpp">
      <Filter>Header Files</Filter>
    </ClInclude>
    <ClInclude Include="D:\workspace_github\openMVG\src\openMVG\sfm\pipelines\global\sfm_global_engine_relative_motions.hpp">
      <Filter>Header Files</Filter>
    </ClInclude>
    <ClInclude Include="D:\workspace_github\openMVG\src\openMVG\sfm\pipelines\global\sfm_global_reindex.hpp">
      <Filter>Header Files</Filter>
    </ClInclude>
    <ClInclude Include="D:\workspace_github\openMVG\src\openMVG\sfm\pipelines\global\triplet_t_ACRansac_kernelAdaptator.hpp">
      <Filter>Header Files</Filter>
    </ClInclude>
    <ClInclude Include="D:\workspace_github\openMVG\src\openMVG\sfm\pipelines\localization\SfM_Localizer.hpp">
      <Filter>Header Files</Filter>
    </ClInclude>
    <ClInclude Include="D:\workspace_github\openMVG\src\openMVG\sfm\pipelines\localization\SfM_Localizer_Single_3DTrackObservation_Database.hpp">
      <Filter>Header Files</Filter>
    </ClInclude>
    <ClInclude Include="D:\workspace_github\openMVG\src\openMVG\sfm\pipelines\sequential\sequential_SfM.hpp">
      <Filter>Header Files</Filter>
    </ClInclude>
    <ClInclude Include="D:\workspace_github\openMVG\src\openMVG\sfm\pipelines\sfm_engine.hpp">
      <Filter>Header Files</Filter>
    </ClInclude>
    <ClInclude Include="D:\workspace_github\openMVG\src\openMVG\sfm\pipelines\sfm_features_provider.hpp">
      <Filter>Header Files</Filter>
    </ClInclude>
    <ClInclude Include="D:\workspace_github\openMVG\src\openMVG\sfm\pipelines\sfm_matches_provider.hpp">
      <Filter>Header Files</Filter>
    </ClInclude>
    <ClInclude Include="D:\workspace_github\openMVG\src\openMVG\sfm\pipelines\sfm_regions_provider.hpp">
      <Filter>Header Files</Filter>
    </ClInclude>
    <ClInclude Include="D:\workspace_github\openMVG\src\openMVG\sfm\pipelines\sfm_robust_model_estimation.hpp">
      <Filter>Header Files</Filter>
    </ClInclude>
    <ClInclude Include="D:\workspace_github\openMVG\src\openMVG\sfm\pipelines\structure_from_known_poses\structure_estimator.hpp">
      <Filter>Header Files</Filter>
    </ClInclude>
    <ClInclude Include="D:\workspace_github\openMVG\src\openMVG\sfm\sfm.hpp">
      <Filter>Header Files</Filter>
    </ClInclude>
    <ClInclude Include="D:\workspace_github\openMVG\src\openMVG\sfm\sfm_data.hpp">
      <Filter>Header Files</Filter>
    </ClInclude>
    <ClInclude Include="D:\workspace_github\openMVG\src\openMVG\sfm\sfm_data_BA.hpp">
      <Filter>Header Files</Filter>
    </ClInclude>
    <ClInclude Include="D:\workspace_github\openMVG\src\openMVG\sfm\sfm_data_BA_ceres.hpp">
      <Filter>Header Files</Filter>
    </ClInclude>
    <ClInclude Include="D:\workspace_github\openMVG\src\openMVG\sfm\sfm_data_BA_ceres_camera_functor.hpp">
      <Filter>Header Files</Filter>
    </ClInclude>
    <ClInclude Include="D:\workspace_github\openMVG\src\openMVG\sfm\sfm_data_filters.hpp">
      <Filter>Header Files</Filter>
    </ClInclude>
    <ClInclude Include="D:\workspace_github\openMVG\src\openMVG\sfm\sfm_data_filters_frustum.hpp">
      <Filter>Header Files</Filter>
    </ClInclude>
    <ClInclude Include="D:\workspace_github\openMVG\src\openMVG\sfm\sfm_data_io.hpp">
      <Filter>Header Files</Filter>
    </ClInclude>
    <ClInclude Include="D:\workspace_github\openMVG\src\openMVG\sfm\sfm_data_io_baf.hpp">
      <Filter>Header Files</Filter>
    </ClInclude>
    <ClInclude Include="D:\workspace_github\openMVG\src\openMVG\sfm\sfm_data_io_cereal.hpp">
      <Filter>Header Files</Filter>
    </ClInclude>
    <ClInclude Include="D:\workspace_github\openMVG\src\openMVG\sfm\sfm_data_io_ply.hpp">
      <Filter>Header Files</Filter>
    </ClInclude>
    <ClInclude Include="D:\workspace_github\openMVG\src\openMVG\sfm\sfm_data_triangulation.hpp">
      <Filter>Header Files</Filter>
    </ClInclude>
    <ClInclude Include="D:\workspace_github\openMVG\src\openMVG\sfm\sfm_data_utils.hpp">
      <Filter>Header Files</Filter>
    </ClInclude>
    <ClInclude Include="D:\workspace_github\openMVG\src\openMVG\sfm\sfm_filters.hpp">
      <Filter>Header Files</Filter>
    </ClInclude>
    <ClInclude Include="D:\workspace_github\openMVG\src\openMVG\sfm\sfm_landmark.hpp">
      <Filter>Header Files</Filter>
    </ClInclude>
    <ClInclude Include="D:\workspace_github\openMVG\src\openMVG\sfm\sfm_report.hpp">
      <Filter>Header Files</Filter>
    </ClInclude>
    <ClInclude Include="D:\workspace_github\openMVG\src\openMVG\sfm\sfm_view.hpp">
      <Filter>Header Files</Filter>
    </ClInclude>
  </ItemGroup>
  <ItemGroup>
    <CustomBuild Include="D:\workspace_github\openMVG\src\openMVG\sfm\CMakeLists.txt" />
  </ItemGroup>
  <ItemGroup>
    <Filter Include="Source Files">
      <UniqueIdentifier>{08F8FDC1-9267-464F-87C6-71FCF3B0FF31}</UniqueIdentifier>
    </Filter>
    <Filter Include="Header Files">
      <UniqueIdentifier>{54235314-9969-4C4D-9D6D-58CE5A2A1C7F}</UniqueIdentifier>
    </Filter>
  </ItemGroup>
</Project>
